
Microsoft Visual Studio Solution File, Format Version 12.00
# Visual Studio 15
VisualStudioVersion = 15.0.27130.0
MinimumVisualStudioVersion = 10.0.40219.1
Project("{FAE04EC0-301F-11D3-BF4B-00C04F79EFBC}") = "HepsiSurada", "HepsiSurada\HepsiSurada.csproj", "{D4347E51-618B-4929-AFA2-775ADEC057E4}"
EndProject
Global
	GlobalSection(SolutionConfigurationPlatforms) = preSolution
		Debug|Any CPU = Debug|Any CPU
		Release|Any CPU = Release|Any CPU
	EndGlobalSection
	GlobalSection(ProjectConfigurationPlatforms) = postSolution
		{D4347E51-618B-4929-AFA2-775ADEC057E4}.Debug|Any CPU.ActiveCfg = Debug|Any CPU
		{D4347E51-618B-4929-AFA2-775ADEC057E4}.Debug|Any CPU.Build.0 = Debug|Any CPU
		{D4347E51-618B-4929-AFA2-775ADEC057E4}.Release|Any CPU.ActiveCfg = Release|Any CPU
		{D4347E51-618B-4929-AFA2-775ADEC057E4}.Release|Any CPU.Build.0 = Release|Any CPU
	EndGlobalSection
	GlobalSection(SolutionProperties) = preSolution
		HideSolutionNode = FALSE
	EndGlobalSection
	GlobalSection(ExtensibilityGlobals) = postSolution
		SolutionGuid = {FB7966ED-8AC4-4998-A9BF-7A2E31B8816F}
	EndGlobalSection
EndGlobal
